PODS:
  - ChartboostSDK (5.5.3)
  - Colours (5.8.0)
  - Flurry-iOS-SDK (7.3.0):
    - Flurry-iOS-SDK/FlurrySDK (= 7.3.0)
  - Flurry-iOS-SDK/FlurrySDK (7.3.0)
  - Google-Mobile-Ads-SDK (7.5.2)
  - INSpriteKit (1.2.1)
  - iRate (1.11.4)
  - Reachability (3.2)
  - VungleSDK-iOS (3.2.0.0)

DEPENDENCIES:
  - ChartboostSDK (~> 5.3)
  - Colours (~> 5.6)
  - Flurry-iOS-SDK (~> 7.3)
  - Google-Mobile-Ads-SDK (~> 7.0)
  - INSpriteKit
  - iRate (~> 1.11)
  - Reachability (~> 3.2)
  - VungleSDK-iOS (~> 3.2)

SPEC CHECKSUMS:
  ChartboostSDK: 9bf9427b4c306773ea9f7d8cf974b4a3a0f1e61e
  Colours: c186cc76afa2ca86f5ca5e68f610f9be17b48337
  Flurry-iOS-SDK: 054befae0fa0244fb000985bfe757d70f87a9f60
  Google-Mobile-Ads-SDK: 24a8ddfc0bcfec281960c5d88f75327df0d86b00
  INSpriteKit: 90943665f8ea4590989eb4eeb6cad4eb32b3d248
  iRate: 599ed07c854e0695f3c605d1b2a64c67d912acb7
  Reachability: 33e18b67625424e47b6cde6d202dce689ad7af96
  VungleSDK-iOS: cc8b6200efbc310a1cfde290490138478683729c

COCOAPODS: 0.38.2
